// !$*UTF8*$!
{
	archiveVersion = 1;
	classes = {
	};
	objectVersion = 51;
	objects = {

/* Begin PBXBuildFile section */
		0177F032254AF43C00764AFC /* AppDelegate.swift in Sources */ = {isa = PBXBuildFile; fileRef = 0177F031254AF43C00764AFC /* AppDelegate.swift */; };
		0177F034254AF43C00764AFC /* SceneDelegate.swift in Sources */ = {isa = PBXBuildFile; fileRef = 0177F033254AF43C00764AFC /* SceneDelegate.swift */; };
		0177F03B254AF43D00764AFC /* Assets.xcassets in Resources */ = {isa = PBXBuildFile; fileRef = 0177F03A254AF43D00764AFC /* Assets.xcassets */; };
		0177F03E254AF43D00764AFC /* LaunchScreen.storyboard in Resources */ = {isa = PBXBuildFile; fileRef = 0177F03C254AF43D00764AFC /* LaunchScreen.storyboard */; };
		0177F06E254AFA2200764AFC /* FunctionTableViewCell.swift in Sources */ = {isa = PBXBuildFile; fileRef = 0177F06C254AFA2200764AFC /* FunctionTableViewCell.swift */; };
		0177F06F254AFA2200764AFC /* FunctionTableViewCell.xib in Resources */ = {isa = PBXBuildFile; fileRef = 0177F06D254AFA2200764AFC /* FunctionTableViewCell.xib */; };
		0177F078254AFA7A00764AFC /* UIViewController + extension.swift in Sources */ = {isa = PBXBuildFile; fileRef = 0177F077254AFA7A00764AFC /* UIViewController + extension.swift */; };
		0177F080254AFBD900764AFC /* ViewController + extension.swift in Sources */ = {isa = PBXBuildFile; fileRef = 0177F07F254AFBD900764AFC /* ViewController + extension.swift */; };
		0177F086254AFD3700764AFC /* HiddenStatusBarViewController.swift in Sources */ = {isa = PBXBuildFile; fileRef = 0177F084254AFD3700764AFC /* HiddenStatusBarViewController.swift */; };
		0177F087254AFD3700764AFC /* HiddenStatusBarViewController.xib in Resources */ = {isa = PBXBuildFile; fileRef = 0177F085254AFD3700764AFC /* HiddenStatusBarViewController.xib */; };
		0177F095254B042B00764AFC /* ViewController.xib in Resources */ = {isa = PBXBuildFile; fileRef = 0177F094254B042B00764AFC /* ViewController.xib */; };
		0177F09E254B146900764AFC /* HeaderView.xib in Resources */ = {isa = PBXBuildFile; fileRef = 0177F09D254B146900764AFC /* HeaderView.xib */; };
		0177F0A3254B149000764AFC /* HeaderView.swift in Sources */ = {isa = PBXBuildFile; fileRef = 0177F0A2254B149000764AFC /* HeaderView.swift */; };
		0177F0B0254B1AC100764AFC /* BaseViewController.swift in Sources */ = {isa = PBXBuildFile; fileRef = 0177F0AF254B1AC100764AFC /* BaseViewController.swift */; };
		0177F0B6254B1B7400764AFC /* WKWebViewMenuExViewController.swift in Sources */ = {isa = PBXBuildFile; fileRef = 0177F0B4254B1B7400764AFC /* WKWebViewMenuExViewController.swift */; };
		0177F0B7254B1B7400764AFC /* WKWebViewMenuExViewController.xib in Resources */ = {isa = PBXBuildFile; fileRef = 0177F0B5254B1B7400764AFC /* WKWebViewMenuExViewController.xib */; };
		0177F10B254C531E00764AFC /* HomeTabBarViewController.swift in Sources */ = {isa = PBXBuildFile; fileRef = 0177F10A254C531E00764AFC /* HomeTabBarViewController.swift */; };
		0177F114254C537D00764AFC /* HomeViewController.swift in Sources */ = {isa = PBXBuildFile; fileRef = 0177F112254C537D00764AFC /* HomeViewController.swift */; };
		0177F115254C537D00764AFC /* HomeViewController.xib in Resources */ = {isa = PBXBuildFile; fileRef = 0177F113254C537D00764AFC /* HomeViewController.xib */; };
		0177F11B254C556A00764AFC /* NewFeedViewController.swift in Sources */ = {isa = PBXBuildFile; fileRef = 0177F119254C556A00764AFC /* NewFeedViewController.swift */; };
		0177F11C254C556A00764AFC /* NewFeedViewController.xib in Resources */ = {isa = PBXBuildFile; fileRef = 0177F11A254C556A00764AFC /* NewFeedViewController.xib */; };
		0177F123254C572500764AFC /* ItermCollectionViewCell.swift in Sources */ = {isa = PBXBuildFile; fileRef = 0177F121254C572500764AFC /* ItermCollectionViewCell.swift */; };
		0177F124254C572500764AFC /* ItermCollectionViewCell.xib in Resources */ = {isa = PBXBuildFile; fileRef = 0177F122254C572500764AFC /* ItermCollectionViewCell.xib */; };
		0177F12C254C574C00764AFC /* UICollectionviewCell + extension.swift in Sources */ = {isa = PBXBuildFile; fileRef = 0177F12B254C574C00764AFC /* UICollectionviewCell + extension.swift */; };
		0177F131254C5E8C00764AFC /* UILable + extension.swift in Sources */ = {isa = PBXBuildFile; fileRef = 0177F130254C5E8C00764AFC /* UILable + extension.swift */; };
		0177F136254C5F3200764AFC /* String + extension.swift in Sources */ = {isa = PBXBuildFile; fileRef = 0177F135254C5F3200764AFC /* String + extension.swift */; };
		0177F13B254C5FB900764AFC /* URL + extension.swift in Sources */ = {isa = PBXBuildFile; fileRef = 0177F13A254C5FB900764AFC /* URL + extension.swift */; };
		0177F141254C62E300764AFC /* HomeDateSource.swift in Sources */ = {isa = PBXBuildFile; fileRef = 0177F140254C62E300764AFC /* HomeDateSource.swift */; };
		0177F157254C68B900764AFC /* HomeViewController + extension.swift in Sources */ = {isa = PBXBuildFile; fileRef = 0177F156254C68B900764AFC /* HomeViewController + extension.swift */; };
		0177F162254F035A00764AFC /* UIImageView + extension.swift in Sources */ = {isa = PBXBuildFile; fileRef = 0177F161254F035A00764AFC /* UIImageView + extension.swift */; };
		01C721AA2566B7E300548E13 /* WKWebSessionViewController.swift in Sources */ = {isa = PBXBuildFile; fileRef = 01C721A82566B7E300548E13 /* WKWebSessionViewController.swift */; };
		01C721B32566B96700548E13 /* WKWebSessionDetailViewController.swift in Sources */ = {isa = PBXBuildFile; fileRef = 01C721B22566B96700548E13 /* WKWebSessionDetailViewController.swift */; };
		01C721B92566D00100548E13 /* WKWebviewShareCookieViewController.swift in Sources */ = {isa = PBXBuildFile; fileRef = 01C721B72566D00100548E13 /* WKWebviewShareCookieViewController.swift */; };
		01C721BA2566D00100548E13 /* WKWebviewShareCookieViewController.xib in Resources */ = {isa = PBXBuildFile; fileRef = 01C721B82566D00100548E13 /* WKWebviewShareCookieViewController.xib */; };
		01F01798254F0F7500567E67 /* WKWebviewMainUIViewController.swift in Sources */ = {isa = PBXBuildFile; fileRef = 01F01796254F0F7500567E67 /* WKWebviewMainUIViewController.swift */; };
		01F01799254F0F7500567E67 /* WKWebviewMainUIViewController.xib in Resources */ = {isa = PBXBuildFile; fileRef = 01F01797254F0F7500567E67 /* WKWebviewMainUIViewController.xib */; };
		01F0179E254F106C00567E67 /* WKWebviewMainDatasource.swift in Sources */ = {isa = PBXBuildFile; fileRef = 01F0179D254F106C00567E67 /* WKWebviewMainDatasource.swift */; };
		01F017B3254F1B3B00567E67 /* UIAlertController + extension.swift in Sources */ = {isa = PBXBuildFile; fileRef = 01F017B2254F1B3B00567E67 /* UIAlertController + extension.swift */; };
		258F9B6E0BD67301134D66DF /* Pods_DesignExTests.framework in Frameworks */ = {isa = PBXBuildFile; fileRef = E08EBE1669DBEF6AF9B97B12 /* Pods_DesignExTests.framework */; };
		326CB67043FDA1513B824F98 /* Pods_DesignEx.framework in Frameworks */ = {isa = PBXBuildFile; fileRef = E0F2BBAD4B31B0636FB49656 /* Pods_DesignEx.framework */; };
		6A1A8ECF2E2106CA87C30554 /* Pods_DesignEx_DesignExUITests.framework in Frameworks */ = {isa = PBXBuildFile; fileRef = 278D5BB4BC21B18972FC4D49 /* Pods_DesignEx_DesignExUITests.framework */; };
		966785CE254C13FC00E158AD /* WebKit.framework in Frameworks */ = {isa = PBXBuildFile; fileRef = 966785CD254C13FC00E158AD /* WebKit.framework */; };
		966785DE254C153200E158AD /* UItableViewCell + extension.swift in Sources */ = {isa = PBXBuildFile; fileRef = 966785DD254C153200E158AD /* UItableViewCell + extension.swift */; };
		966785E4254C1A9100E158AD /* WKWebviewDetailViewController.swift in Sources */ = {isa = PBXBuildFile; fileRef = 966785E2254C1A9100E158AD /* WKWebviewDetailViewController.swift */; };
		966785E5254C1A9100E158AD /* WKWebviewDetailViewController.xib in Resources */ = {isa = PBXBuildFile; fileRef = 966785E3254C1A9100E158AD /* WKWebviewDetailViewController.xib */; };
/* End PBXBuildFile section */

/* Begin PBXContainerItemProxy section */
		0177F045254AF43D00764AFC /* PBXContainerItemProxy */ = {
			isa = PBXContainerItemProxy;
			containerPortal = 0177F026254AF43C00764AFC /* Project object */;
			proxyType = 1;
			remoteGlobalIDString = 0177F02D254AF43C00764AFC;
			remoteInfo = DesignEx;
		};
		0177F050254AF43D00764AFC /* PBXContainerItemProxy */ = {
			isa = PBXContainerItemProxy;
			containerPortal = 0177F026254AF43C00764AFC /* Project object */;
			proxyType = 1;
			remoteGlobalIDString = 0177F02D254AF43C00764AFC;
			remoteInfo = DesignEx;
		};
/* End PBXContainerItemProxy section */

/* Begin PBXFileReference section */
		0177F031254AF43C00764AFC /* AppDelegate.swift */ = {isa = PBXFileReference; lastKnownFileType = sourcecode.swift; path = AppDelegate.swift; sourceTree = "<group>"; };
		0177F033254AF43C00764AFC /* SceneDelegate.swift */ = {isa = PBXFileReference; lastKnownFileType = sourcecode.swift; path = SceneDelegate.swift; sourceTree = "<group>"; };
		0177F03A254AF43D00764AFC /* Assets.xcassets */ = {isa = PBXFileReference; lastKnownFileType = folder.assetcatalog; path = Assets.xcassets; sourceTree = "<group>"; };
		0177F03D254AF43D00764AFC /* Base */ = {isa = PBXFileReference; lastKnownFileType = file.storyboard; name = Base; path = Base.lproj/LaunchScreen.storyboard; sourceTree = "<group>"; };
		0177F03F254AF43D00764AFC /* Info.plist */ = {isa = PBXFileReference; lastKnownFileType = text.plist.xml; path = Info.plist; sourceTree = "<group>"; };
		0177F06C254AFA2200764AFC /* FunctionTableViewCell.swift */ = {isa = PBXFileReference; lastKnownFileType = sourcecode.swift; path = FunctionTableViewCell.swift; sourceTree = "<group>"; };
		0177F06D254AFA2200764AFC /* FunctionTableViewCell.xib */ = {isa = PBXFileReference; lastKnownFileType = file.xib; path = FunctionTableViewCell.xib; sourceTree = "<group>"; };
		0177F077254AFA7A00764AFC /* UIViewController + extension.swift */ = {isa = PBXFileReference; lastKnownFileType = sourcecode.swift; path = "UIViewController + extension.swift"; sourceTree = "<group>"; };
		0177F07F254AFBD900764AFC /* ViewController + extension.swift */ = {isa = PBXFileReference; lastKnownFileType = sourcecode.swift; path = "ViewController + extension.swift"; sourceTree = "<group>"; };
		0177F084254AFD3700764AFC /* HiddenStatusBarViewController.swift */ = {isa = PBXFileReference; lastKnownFileType = sourcecode.swift; path = HiddenStatusBarViewController.swift; sourceTree = "<group>"; };
		0177F085254AFD3700764AFC /* HiddenStatusBarViewController.xib */ = {isa = PBXFileReference; lastKnownFileType = file.xib; path = HiddenStatusBarViewController.xib; sourceTree = "<group>"; };
		0177F094254B042B00764AFC /* ViewController.xib */ = {isa = PBXFileReference; lastKnownFileType = file.xib; path = ViewController.xib; sourceTree = "<group>"; };
		0177F09D254B146900764AFC /* HeaderView.xib */ = {isa = PBXFileReference; lastKnownFileType = file.xib; path = HeaderView.xib; sourceTree = "<group>"; };
		0177F0A2254B149000764AFC /* HeaderView.swift */ = {isa = PBXFileReference; lastKnownFileType = sourcecode.swift; path = HeaderView.swift; sourceTree = "<group>"; };
		0177F0AF254B1AC100764AFC /* BaseViewController.swift */ = {isa = PBXFileReference; lastKnownFileType = sourcecode.swift; path = BaseViewController.swift; sourceTree = "<group>"; };
		0177F0B4254B1B7400764AFC /* WKWebViewMenuExViewController.swift */ = {isa = PBXFileReference; lastKnownFileType = sourcecode.swift; path = WKWebViewMenuExViewController.swift; sourceTree = "<group>"; };
		0177F0B5254B1B7400764AFC /* WKWebViewMenuExViewController.xib */ = {isa = PBXFileReference; lastKnownFileType = file.xib; path = WKWebViewMenuExViewController.xib; sourceTree = "<group>"; };
		0177F10A254C531E00764AFC /* HomeTabBarViewController.swift */ = {isa = PBXFileReference; lastKnownFileType = sourcecode.swift; path = HomeTabBarViewController.swift; sourceTree = "<group>"; };
		0177F112254C537D00764AFC /* HomeViewController.swift */ = {isa = PBXFileReference; lastKnownFileType = sourcecode.swift; path = HomeViewController.swift; sourceTree = "<group>"; };
		0177F113254C537D00764AFC /* HomeViewController.xib */ = {isa = PBXFileReference; lastKnownFileType = file.xib; path = HomeViewController.xib; sourceTree = "<group>"; };
		0177F119254C556A00764AFC /* NewFeedViewController.swift */ = {isa = PBXFileReference; lastKnownFileType = sourcecode.swift; path = NewFeedViewController.swift; sourceTree = "<group>"; };
		0177F11A254C556A00764AFC /* NewFeedViewController.xib */ = {isa = PBXFileReference; lastKnownFileType = file.xib; path = NewFeedViewController.xib; sourceTree = "<group>"; };
		0177F121254C572500764AFC /* ItermCollectionViewCell.swift */ = {isa = PBXFileReference; lastKnownFileType = sourcecode.swift; path = ItermCollectionViewCell.swift; sourceTree = "<group>"; };
		0177F122254C572500764AFC /* ItermCollectionViewCell.xib */ = {isa = PBXFileReference; lastKnownFileType = file.xib; path = ItermCollectionViewCell.xib; sourceTree = "<group>"; };
		0177F12B254C574C00764AFC /* UICollectionviewCell + extension.swift */ = {isa = PBXFileReference; lastKnownFileType = sourcecode.swift; path = "UICollectionviewCell + extension.swift"; sourceTree = "<group>"; };
		0177F130254C5E8C00764AFC /* UILable + extension.swift */ = {isa = PBXFileReference; lastKnownFileType = sourcecode.swift; path = "UILable + extension.swift"; sourceTree = "<group>"; };
		0177F135254C5F3200764AFC /* String + extension.swift */ = {isa = PBXFileReference; lastKnownFileType = sourcecode.swift; path = "String + extension.swift"; sourceTree = "<group>"; };
		0177F13A254C5FB900764AFC /* URL + extension.swift */ = {isa = PBXFileReference; lastKnownFileType = sourcecode.swift; path = "URL + extension.swift"; sourceTree = "<group>"; };
		0177F140254C62E300764AFC /* HomeDateSource.swift */ = {isa = PBXFileReference; lastKnownFileType = sourcecode.swift; path = HomeDateSource.swift; sourceTree = "<group>"; };
		0177F150254C670A00764AFC /* DesignEx.app */ = {isa = PBXFileReference; explicitFileType = wrapper.application; includeInIndex = 0; path = DesignEx.app; sourceTree = BUILT_PRODUCTS_DIR; };
		0177F151254C670A00764AFC /* DesignExTests.xctest */ = {isa = PBXFileReference; explicitFileType = wrapper.cfbundle; includeInIndex = 0; path = DesignExTests.xctest; sourceTree = BUILT_PRODUCTS_DIR; };
		0177F152254C670A00764AFC /* DesignExUITests.xctest */ = {isa = PBXFileReference; explicitFileType = wrapper.cfbundle; includeInIndex = 0; path = DesignExUITests.xctest; sourceTree = BUILT_PRODUCTS_DIR; };
		0177F156254C68B900764AFC /* HomeViewController + extension.swift */ = {isa = PBXFileReference; lastKnownFileType = sourcecode.swift; path = "HomeViewController + extension.swift"; sourceTree = "<group>"; };
		0177F161254F035A00764AFC /* UIImageView + extension.swift */ = {isa = PBXFileReference; lastKnownFileType = sourcecode.swift; path = "UIImageView + extension.swift"; sourceTree = "<group>"; };
		01C721A82566B7E300548E13 /* WKWebSessionViewController.swift */ = {isa = PBXFileReference; lastKnownFileType = sourcecode.swift; path = WKWebSessionViewController.swift; sourceTree = "<group>"; };
		01C721B22566B96700548E13 /* WKWebSessionDetailViewController.swift */ = {isa = PBXFileReference; lastKnownFileType = sourcecode.swift; path = WKWebSessionDetailViewController.swift; sourceTree = "<group>"; };
		01C721B72566D00100548E13 /* WKWebviewShareCookieViewController.swift */ = {isa = PBXFileReference; lastKnownFileType = sourcecode.swift; path = WKWebviewShareCookieViewController.swift; sourceTree = "<group>"; };
		01C721B82566D00100548E13 /* WKWebviewShareCookieViewController.xib */ = {isa = PBXFileReference; lastKnownFileType = file.xib; path = WKWebviewShareCookieViewController.xib; sourceTree = "<group>"; };
		01F01796254F0F7500567E67 /* WKWebviewMainUIViewController.swift */ = {isa = PBXFileReference; lastKnownFileType = sourcecode.swift; path = WKWebviewMainUIViewController.swift; sourceTree = "<group>"; };
		01F01797254F0F7500567E67 /* WKWebviewMainUIViewController.xib */ = {isa = PBXFileReference; lastKnownFileType = file.xib; path = WKWebviewMainUIViewController.xib; sourceTree = "<group>"; };
		01F0179D254F106C00567E67 /* WKWebviewMainDatasource.swift */ = {isa = PBXFileReference; lastKnownFileType = sourcecode.swift; path = WKWebviewMainDatasource.swift; sourceTree = "<group>"; };
		01F017B2254F1B3B00567E67 /* UIAlertController + extension.swift */ = {isa = PBXFileReference; lastKnownFileType = sourcecode.swift; path = "UIAlertController + extension.swift"; sourceTree = "<group>"; };
		1A38DECA6811CEDF2843FE35 /* Pods-DesignEx-DesignExUITests.release.xcconfig */ = {isa = PBXFileReference; includeInIndex = 1; lastKnownFileType = text.xcconfig; name = "Pods-DesignEx-DesignExUITests.release.xcconfig"; path = "Target Support Files/Pods-DesignEx-DesignExUITests/Pods-DesignEx-DesignExUITests.release.xcconfig"; sourceTree = "<group>"; };
		278D5BB4BC21B18972FC4D49 /* Pods_DesignEx_DesignExUITests.framework */ = {isa = PBXFileReference; explicitFileType = wrapper.framework; includeInIndex = 0; path = Pods_DesignEx_DesignExUITests.framework; sourceTree = BUILT_PRODUCTS_DIR; };
		966785CD254C13FC00E158AD /* WebKit.framework */ = {isa = PBXFileReference; lastKnownFileType = wrapper.framework; name = WebKit.framework; path = System/Library/Frameworks/WebKit.framework; sourceTree = SDKROOT; };
		966785DD254C153200E158AD /* UItableViewCell + extension.swift */ = {isa = PBXFileReference; lastKnownFileType = sourcecode.swift; path = "UItableViewCell + extension.swift"; sourceTree = "<group>"; };
		966785E2254C1A9100E158AD /* WKWebviewDetailViewController.swift */ = {isa = PBXFileReference; lastKnownFileType = sourcecode.swift; path = WKWebviewDetailViewController.swift; sourceTree = "<group>"; };
		966785E3254C1A9100E158AD /* WKWebviewDetailViewController.xib */ = {isa = PBXFileReference; lastKnownFileType = file.xib; path = WKWebviewDetailViewController.xib; sourceTree = "<group>"; };
		ACDFDBFC42BDB8BEFE60B4C0 /* Pods-DesignEx.release.xcconfig */ = {isa = PBXFileReference; includeInIndex = 1; lastKnownFileType = text.xcconfig; name = "Pods-DesignEx.release.xcconfig"; path = "Target Support Files/Pods-DesignEx/Pods-DesignEx.release.xcconfig"; sourceTree = "<group>"; };
		BAAA884C4EF3A11F1D98238C /* Pods-DesignExTests.release.xcconfig */ = {isa = PBXFileReference; includeInIndex = 1; lastKnownFileType = text.xcconfig; name = "Pods-DesignExTests.release.xcconfig"; path = "Target Support Files/Pods-DesignExTests/Pods-DesignExTests.release.xcconfig"; sourceTree = "<group>"; };
		CE6909037D5C68EC3F8A1A97 /* Pods-DesignExTests.debug.xcconfig */ = {isa = PBXFileReference; includeInIndex = 1; lastKnownFileType = text.xcconfig; name = "Pods-DesignExTests.debug.xcconfig"; path = "Target Support Files/Pods-DesignExTests/Pods-DesignExTests.debug.xcconfig"; sourceTree = "<group>"; };
		D3180EB31AF821FA7448B6C1 /* Pods-DesignEx-DesignExUITests.debug.xcconfig */ = {isa = PBXFileReference; includeInIndex = 1; lastKnownFileType = text.xcconfig; name = "Pods-DesignEx-DesignExUITests.debug.xcconfig"; path = "Target Support Files/Pods-DesignEx-DesignExUITests/Pods-DesignEx-DesignExUITests.debug.xcconfig"; sourceTree = "<group>"; };
		E08EBE1669DBEF6AF9B97B12 /* Pods_DesignExTests.framework */ = {isa = PBXFileReference; explicitFileType = wrapper.framework; includeInIndex = 0; path = Pods_DesignExTests.framework; sourceTree = BUILT_PRODUCTS_DIR; };
		E0F2BBAD4B31B0636FB49656 /* Pods_DesignEx.framework */ = {isa = PBXFileReference; explicitFileType = wrapper.framework; includeInIndex = 0; path = Pods_DesignEx.framework; sourceTree = BUILT_PRODUCTS_DIR; };
		EC701E64F8E1BBCF8DE821A7 /* Pods-DesignEx.debug.xcconfig */ = {isa = PBXFileReference; includeInIndex = 1; lastKnownFileType = text.xcconfig; name = "Pods-DesignEx.debug.xcconfig"; path = "Target Support Files/Pods-DesignEx/Pods-DesignEx.debug.xcconfig"; sourceTree = "<group>"; };
/* End PBXFileReference section */

/* Begin PBXFrameworksBuildPhase section */
		0177F02B254AF43C00764AFC /* Frameworks */ = {
			isa = PBXFrameworksBuildPhase;
			buildActionMask = 2147483647;
			files = (
				966785CE254C13FC00E158AD /* WebKit.framework in Frameworks */,
				326CB67043FDA1513B824F98 /* Pods_DesignEx.framework in Frameworks */,
			);
			runOnlyForDeploymentPostprocessing = 0;
		};
		0177F041254AF43D00764AFC /* Frameworks */ = {
			isa = PBXFrameworksBuildPhase;
			buildActionMask = 2147483647;
			files = (
				258F9B6E0BD67301134D66DF /* Pods_DesignExTests.framework in Frameworks */,
			);
			runOnlyForDeploymentPostprocessing = 0;
		};
		0177F04C254AF43D00764AFC /* Frameworks */ = {
			isa = PBXFrameworksBuildPhase;
			buildActionMask = 2147483647;
			files = (
				6A1A8ECF2E2106CA87C30554 /* Pods_DesignEx_DesignExUITests.framework in Frameworks */,
			);
			runOnlyForDeploymentPostprocessing = 0;
		};
/* End PBXFrameworksBuildPhase section */

/* Begin PBXGroup section */
		0177F025254AF43C00764AFC = {
			isa = PBXGroup;
			children = (
				0177F030254AF43C00764AFC /* DesignEx */,
				7E6F11CCDA1C200FA5DAE293 /* Pods */,
				BE812EC41F9D8413A509DCED /* Frameworks */,
				0177F150254C670A00764AFC /* DesignEx.app */,
				0177F151254C670A00764AFC /* DesignExTests.xctest */,
				0177F152254C670A00764AFC /* DesignExUITests.xctest */,
			);
			sourceTree = "<group>";
		};
		0177F030254AF43C00764AFC /* DesignEx */ = {
			isa = PBXGroup;
			children = (
				0177F0EC254C499B00764AFC /* System */,
				0177F09C254B144700764AFC /* Base */,
				0177F076254AFA5F00764AFC /* Extension */,
				0177F06B254AFA0600764AFC /* Cells */,
				0177F067254AF9B500764AFC /* Screen */,
			);
			path = DesignEx;
			sourceTree = "<group>";
		};
		0177F067254AF9B500764AFC /* Screen */ = {
			isa = PBXGroup;
			children = (
				0177F0FC254C4A7600764AFC /* Topic */,
				0177F10A254C531E00764AFC /* HomeTabBarViewController.swift */,
			);
			path = Screen;
			sourceTree = "<group>";
		};
		0177F06B254AFA0600764AFC /* Cells */ = {
			isa = PBXGroup;
			children = (
				0177F06C254AFA2200764AFC /* FunctionTableViewCell.swift */,
				0177F06D254AFA2200764AFC /* FunctionTableViewCell.xib */,
			);
			path = Cells;
			sourceTree = "<group>";
		};
		0177F076254AFA5F00764AFC /* Extension */ = {
			isa = PBXGroup;
			children = (
				0177F077254AFA7A00764AFC /* UIViewController + extension.swift */,
				0177F07F254AFBD900764AFC /* ViewController + extension.swift */,
				966785DD254C153200E158AD /* UItableViewCell + extension.swift */,
				0177F135254C5F3200764AFC /* String + extension.swift */,
				0177F13A254C5FB900764AFC /* URL + extension.swift */,
				0177F161254F035A00764AFC /* UIImageView + extension.swift */,
				01F017B2254F1B3B00567E67 /* UIAlertController + extension.swift */,
				0177F130254C5E8C00764AFC /* UILable + extension.swift */,
				0177F12B254C574C00764AFC /* UICollectionviewCell + extension.swift */,
			);
			path = Extension;
			sourceTree = "<group>";
		};
		0177F09C254B144700764AFC /* Base */ = {
			isa = PBXGroup;
			children = (
				0177F09D254B146900764AFC /* HeaderView.xib */,
				0177F0A2254B149000764AFC /* HeaderView.swift */,
				0177F0AF254B1AC100764AFC /* BaseViewController.swift */,
			);
			path = Base;
			sourceTree = "<group>";
		};
		0177F0EC254C499B00764AFC /* System */ = {
			isa = PBXGroup;
			children = (
				0177F031254AF43C00764AFC /* AppDelegate.swift */,
				0177F033254AF43C00764AFC /* SceneDelegate.swift */,
				0177F094254B042B00764AFC /* ViewController.xib */,
				0177F03A254AF43D00764AFC /* Assets.xcassets */,
				0177F03C254AF43D00764AFC /* LaunchScreen.storyboard */,
				0177F03F254AF43D00764AFC /* Info.plist */,
			);
			path = System;
			sourceTree = "<group>";
		};
		0177F0FC254C4A7600764AFC /* Topic */ = {
			isa = PBXGroup;
			children = (
				0177F13F254C62C300764AFC /* ConfigHome */,
				0177F120254C570B00764AFC /* Cells */,
				0177F106254C4AEB00764AFC /* Animation */,
				0177F105254C4AE200764AFC /* CoreImage */,
				0177F101254C4AAA00764AFC /* Layout */,
				0177F100254C4A9C00764AFC /* Webview */,
				0177F112254C537D00764AFC /* HomeViewController.swift */,
				0177F119254C556A00764AFC /* NewFeedViewController.swift */,
				0177F11A254C556A00764AFC /* NewFeedViewController.xib */,
				0177F113254C537D00764AFC /* HomeViewController.xib */,
			);
			path = Topic;
			sourceTree = "<group>";
		};
		0177F100254C4A9C00764AFC /* Webview */ = {
			isa = PBXGroup;
			children = (
				01C721A72566B7B800548E13 /* WKWebviewSession */,
				966785C9254C136200E158AD /* WKWebviewMenuList */,
				01F01796254F0F7500567E67 /* WKWebviewMainUIViewController.swift */,
				01F0179D254F106C00567E67 /* WKWebviewMainDatasource.swift */,
				01F01797254F0F7500567E67 /* WKWebviewMainUIViewController.xib */,
			);
			path = Webview;
			sourceTree = "<group>";
		};
		0177F101254C4AAA00764AFC /* Layout */ = {
			isa = PBXGroup;
			children = (
				966785C2254C134700E158AD /* HiddenHeaderWhenScroll */,
			);
			path = Layout;
			sourceTree = "<group>";
		};
		0177F105254C4AE200764AFC /* CoreImage */ = {
			isa = PBXGroup;
			children = (
			);
			path = CoreImage;
			sourceTree = "<group>";
		};
		0177F106254C4AEB00764AFC /* Animation */ = {
			isa = PBXGroup;
			children = (
			);
			path = Animation;
			sourceTree = "<group>";
		};
		0177F120254C570B00764AFC /* Cells */ = {
			isa = PBXGroup;
			children = (
				0177F121254C572500764AFC /* ItermCollectionViewCell.swift */,
				0177F122254C572500764AFC /* ItermCollectionViewCell.xib */,
			);
			path = Cells;
			sourceTree = "<group>";
		};
		0177F13F254C62C300764AFC /* ConfigHome */ = {
			isa = PBXGroup;
			children = (
				0177F140254C62E300764AFC /* HomeDateSource.swift */,
				0177F156254C68B900764AFC /* HomeViewController + extension.swift */,
			);
			path = ConfigHome;
			sourceTree = "<group>";
		};
		01C721A72566B7B800548E13 /* WKWebviewSession */ = {
			isa = PBXGroup;
			children = (
				01C721A82566B7E300548E13 /* WKWebSessionViewController.swift */,
				01C721B22566B96700548E13 /* WKWebSessionDetailViewController.swift */,
				01C721B72566D00100548E13 /* WKWebviewShareCookieViewController.swift */,
				01C721B82566D00100548E13 /* WKWebviewShareCookieViewController.xib */,
			);
			path = WKWebviewSession;
			sourceTree = "<group>";
		};
		7E6F11CCDA1C200FA5DAE293 /* Pods */ = {
			isa = PBXGroup;
			children = (
				EC701E64F8E1BBCF8DE821A7 /* Pods-DesignEx.debug.xcconfig */,
				ACDFDBFC42BDB8BEFE60B4C0 /* Pods-DesignEx.release.xcconfig */,
				D3180EB31AF821FA7448B6C1 /* Pods-DesignEx-DesignExUITests.debug.xcconfig */,
				1A38DECA6811CEDF2843FE35 /* Pods-DesignEx-DesignExUITests.release.xcconfig */,
				CE6909037D5C68EC3F8A1A97 /* Pods-DesignExTests.debug.xcconfig */,
				BAAA884C4EF3A11F1D98238C /* Pods-DesignExTests.release.xcconfig */,
			);
			path = Pods;
			sourceTree = "<group>";
		};
		966785C2254C134700E158AD /* HiddenHeaderWhenScroll */ = {
			isa = PBXGroup;
			children = (
				0177F084254AFD3700764AFC /* HiddenStatusBarViewController.swift */,
				0177F085254AFD3700764AFC /* HiddenStatusBarViewController.xib */,
			);
			path = HiddenHeaderWhenScroll;
			sourceTree = "<group>";
		};
		966785C9254C136200E158AD /* WKWebviewMenuList */ = {
			isa = PBXGroup;
			children = (
				966785D2254C143A00E158AD /* Cells */,
				0177F0B4254B1B7400764AFC /* WKWebViewMenuExViewController.swift */,
				0177F0B5254B1B7400764AFC /* WKWebViewMenuExViewController.xib */,
				966785E2254C1A9100E158AD /* WKWebviewDetailViewController.swift */,
				966785E3254C1A9100E158AD /* WKWebviewDetailViewController.xib */,
			);
			path = WKWebviewMenuList;
			sourceTree = "<group>";
		};
		966785D2254C143A00E158AD /* Cells */ = {
			isa = PBXGroup;
			children = (
			);
			path = Cells;
			sourceTree = "<group>";
		};
		BE812EC41F9D8413A509DCED /* Frameworks */ = {
			isa = PBXGroup;
			children = (
				966785CD254C13FC00E158AD /* WebKit.framework */,
				E0F2BBAD4B31B0636FB49656 /* Pods_DesignEx.framework */,
				278D5BB4BC21B18972FC4D49 /* Pods_DesignEx_DesignExUITests.framework */,
				E08EBE1669DBEF6AF9B97B12 /* Pods_DesignExTests.framework */,
			);
			name = Frameworks;
			sourceTree = "<group>";
		};
/* End PBXGroup section */

/* Begin PBXNativeTarget section */
		0177F02D254AF43C00764AFC /* DesignEx */ = {
			isa = PBXNativeTarget;
			buildConfigurationList = 0177F058254AF43D00764AFC /* Build configuration list for PBXNativeTarget "DesignEx" */;
			buildPhases = (
				450789233EF9071403D35831 /* [CP] Check Pods Manifest.lock */,
				0177F02A254AF43C00764AFC /* Sources */,
				0177F02B254AF43C00764AFC /* Frameworks */,
				0177F02C254AF43C00764AFC /* Resources */,
				71BDD3086F82120E45C6525B /* [CP] Embed Pods Frameworks */,
			);
			buildRules = (
			);
			dependencies = (
			);
			name = DesignEx;
			productName = DesignEx;
			productReference = 0177F150254C670A00764AFC /* DesignEx.app */;
			productType = "com.apple.product-type.application";
		};
		0177F043254AF43D00764AFC /* DesignExTests */ = {
			isa = PBXNativeTarget;
			buildConfigurationList = 0177F05B254AF43D00764AFC /* Build configuration list for PBXNativeTarget "DesignExTests" */;
			buildPhases = (
				6661E0B1159C6C2AE05F4A70 /* [CP] Check Pods Manifest.lock */,
				0177F040254AF43D00764AFC /* Sources */,
				0177F041254AF43D00764AFC /* Frameworks */,
				0177F042254AF43D00764AFC /* Resources */,
			);
			buildRules = (
			);
			dependencies = (
				0177F046254AF43D00764AFC /* PBXTargetDependency */,
			);
			name = DesignExTests;
			productName = DesignExTests;
			productReference = 0177F151254C670A00764AFC /* DesignExTests.xctest */;
			productType = "com.apple.product-type.bundle.unit-test";
		};
		0177F04E254AF43D00764AFC /* DesignExUITests */ = {
			isa = PBXNativeTarget;
			buildConfigurationList = 0177F05E254AF43D00764AFC /* Build configuration list for PBXNativeTarget "DesignExUITests" */;
			buildPhases = (
				65D7DEA50A9BC1C9B7131E5B /* [CP] Check Pods Manifest.lock */,
				0177F04B254AF43D00764AFC /* Sources */,
				0177F04C254AF43D00764AFC /* Frameworks */,
				0177F04D254AF43D00764AFC /* Resources */,
				D19C2AE2BA733BFF41E33ED6 /* [CP] Embed Pods Frameworks */,
			);
			buildRules = (
			);
			dependencies = (
				0177F051254AF43D00764AFC /* PBXTargetDependency */,
			);
			name = DesignExUITests;
			productName = DesignExUITests;
			productReference = 0177F152254C670A00764AFC /* DesignExUITests.xctest */;
			productType = "com.apple.product-type.bundle.ui-testing";
		};
/* End PBXNativeTarget section */

/* Begin PBXProject section */
		0177F026254AF43C00764AFC /* Project object */ = {
			isa = PBXProject;
			attributes = {
				LastSwiftUpdateCheck = 1210;
				LastUpgradeCheck = 1210;
				TargetAttributes = {
					0177F02D254AF43C00764AFC = {
						CreatedOnToolsVersion = 12.1;
					};
					0177F043254AF43D00764AFC = {
						CreatedOnToolsVersion = 12.1;
						TestTargetID = 0177F02D254AF43C00764AFC;
					};
					0177F04E254AF43D00764AFC = {
						CreatedOnToolsVersion = 12.1;
						TestTargetID = 0177F02D254AF43C00764AFC;
					};
				};
			};
			buildConfigurationList = 0177F029254AF43C00764AFC /* Build configuration list for PBXProject "DesignEx" */;
			compatibilityVersion = "Xcode 9.3";
			developmentRegion = en;
			hasScannedForEncodings = 0;
			knownRegions = (
				en,
				Base,
			);
			mainGroup = 0177F025254AF43C00764AFC;
			productRefGroup = 0177F025254AF43C00764AFC;
			projectDirPath = "";
			projectRoot = "";
			targets = (
				0177F02D254AF43C00764AFC /* DesignEx */,
				0177F043254AF43D00764AFC /* DesignExTests */,
				0177F04E254AF43D00764AFC /* DesignExUITests */,
			);
		};
/* End PBXProject section */

/* Begin PBXResourcesBuildPhase section */
		0177F02C254AF43C00764AFC /* Resources */ = {
			isa = PBXResourcesBuildPhase;
			buildActionMask = 2147483647;
			files = (
				01C721BA2566D00100548E13 /* WKWebviewShareCookieViewController.xib in Resources */,
				0177F095254B042B00764AFC /* ViewController.xib in Resources */,
				01F01799254F0F7500567E67 /* WKWebviewMainUIViewController.xib in Resources */,
				0177F03E254AF43D00764AFC /* LaunchScreen.storyboard in Resources */,
				0177F087254AFD3700764AFC /* HiddenStatusBarViewController.xib in Resources */,
				0177F0B7254B1B7400764AFC /* WKWebViewMenuExViewController.xib in Resources */,
				0177F124254C572500764AFC /* ItermCollectionViewCell.xib in Resources */,
				0177F09E254B146900764AFC /* HeaderView.xib in Resources */,
				966785E5254C1A9100E158AD /* WKWebviewDetailViewController.xib in Resources */,
				0177F03B254AF43D00764AFC /* Assets.xcassets in Resources */,
				0177F11C254C556A00764AFC /* NewFeedViewController.xib in Resources */,
				0177F06F254AFA2200764AFC /* FunctionTableViewCell.xib in Resources */,
				0177F115254C537D00764AFC /* HomeViewController.xib in Resources */,
			);
			runOnlyForDeploymentPostprocessing = 0;
		};
		0177F042254AF43D00764AFC /* Resources */ = {
			isa = PBXResourcesBuildPhase;
			buildActionMask = 2147483647;
			files = (
			);
			runOnlyForDeploymentPostprocessing = 0;
		};
		0177F04D254AF43D00764AFC /* Resources */ = {
			isa = PBXResourcesBuildPhase;
			buildActionMask = 2147483647;
			files = (
			);
			runOnlyForDeploymentPostprocessing = 0;
		};
/* End PBXResourcesBuildPhase section */

/* Begin PBXShellScriptBuildPhase section */
		450789233EF9071403D35831 /* [CP] Check Pods Manifest.lock */ = {
			isa = PBXShellScriptBuildPhase;
			buildActionMask = 2147483647;
			files = (
			);
			inputFileListPaths = (
			);
			inputPaths = (
				"${PODS_PODFILE_DIR_PATH}/Podfile.lock",
				"${PODS_ROOT}/Manifest.lock",
			);
			name = "[CP] Check Pods Manifest.lock";
			outputFileListPaths = (
			);
			outputPaths = (
				"$(DERIVED_FILE_DIR)/Pods-DesignEx-checkManifestLockResult.txt",
			);
			runOnlyForDeploymentPostprocessing = 0;
			shellPath = /bin/sh;
			shellScript = "diff \"${PODS_PODFILE_DIR_PATH}/Podfile.lock\" \"${PODS_ROOT}/Manifest.lock\" > /dev/null\nif [ $? != 0 ] ; then\n    # print error to STDERR\n    echo \"error: The sandbox is not in sync with the Podfile.lock. Run 'pod install' or update your CocoaPods installation.\" >&2\n    exit 1\nfi\n# This output is used by Xcode 'outputs' to avoid re-running this script phase.\necho \"SUCCESS\" > \"${SCRIPT_OUTPUT_FILE_0}\"\n";
			showEnvVarsInLog = 0;
		};
		65D7DEA50A9BC1C9B7131E5B /* [CP] Check Pods Manifest.lock */ = {
			isa = PBXShellScriptBuildPhase;
			buildActionMask = 2147483647;
			files = (
			);
			inputFileListPaths = (
			);
			inputPaths = (
				"${PODS_PODFILE_DIR_PATH}/Podfile.lock",
				"${PODS_ROOT}/Manifest.lock",
			);
			name = "[CP] Check Pods Manifest.lock";
			outputFileListPaths = (
			);
			outputPaths = (
				"$(DERIVED_FILE_DIR)/Pods-DesignEx-DesignExUITests-checkManifestLockResult.txt",
			);
			runOnlyForDeploymentPostprocessing = 0;
			shellPath = /bin/sh;
			shellScript = "diff \"${PODS_PODFILE_DIR_PATH}/Podfile.lock\" \"${PODS_ROOT}/Manifest.lock\" > /dev/null\nif [ $? != 0 ] ; then\n    # print error to STDERR\n    echo \"error: The sandbox is not in sync with the Podfile.lock. Run 'pod install' or update your CocoaPods installation.\" >&2\n    exit 1\nfi\n# This output is used by Xcode 'outputs' to avoid re-running this script phase.\necho \"SUCCESS\" > \"${SCRIPT_OUTPUT_FILE_0}\"\n";
			showEnvVarsInLog = 0;
		};
		6661E0B1159C6C2AE05F4A70 /* [CP] Check Pods Manifest.lock */ = {
			isa = PBXShellScriptBuildPhase;
			buildActionMask = 2147483647;
			files = (
			);
			inputFileListPaths = (
			);
			inputPaths = (
				"${PODS_PODFILE_DIR_PATH}/Podfile.lock",
				"${PODS_ROOT}/Manifest.lock",
			);
			name = "[CP] Check Pods Manifest.lock";
			outputFileListPaths = (
			);
			outputPaths = (
				"$(DERIVED_FILE_DIR)/Pods-DesignExTests-checkManifestLockResult.txt",
			);
			runOnlyForDeploymentPostprocessing = 0;
			shellPath = /bin/sh;
			shellScript = "diff \"${PODS_PODFILE_DIR_PATH}/Podfile.lock\" \"${PODS_ROOT}/Manifest.lock\" > /dev/null\nif [ $? != 0 ] ; then\n    # print error to STDERR\n    echo \"error: The sandbox is not in sync with the Podfile.lock. Run 'pod install' or update your CocoaPods installation.\" >&2\n    exit 1\nfi\n# This output is used by Xcode 'outputs' to avoid re-running this script phase.\necho \"SUCCESS\" > \"${SCRIPT_OUTPUT_FILE_0}\"\n";
			showEnvVarsInLog = 0;
		};
		71BDD3086F82120E45C6525B /* [CP] Embed Pods Frameworks */ = {
			isa = PBXShellScriptBuildPhase;
			buildActionMask = 2147483647;
			files = (
			);
			inputFileListPaths = (
				"${PODS_ROOT}/Target Support Files/Pods-DesignEx/Pods-DesignEx-frameworks-${CONFIGURATION}-input-files.xcfilelist",
			);
			name = "[CP] Embed Pods Frameworks";
			outputFileListPaths = (
				"${PODS_ROOT}/Target Support Files/Pods-DesignEx/Pods-DesignEx-frameworks-${CONFIGURATION}-output-files.xcfilelist",
			);
			runOnlyForDeploymentPostprocessing = 0;
			shellPath = /bin/sh;
			shellScript = "\"${PODS_ROOT}/Target Support Files/Pods-DesignEx/Pods-DesignEx-frameworks.sh\"\n";
			showEnvVarsInLog = 0;
		};
		D19C2AE2BA733BFF41E33ED6 /* [CP] Embed Pods Frameworks */ = {
			isa = PBXShellScriptBuildPhase;
			buildActionMask = 2147483647;
			files = (
			);
			inputFileListPaths = (
				"${PODS_ROOT}/Target Support Files/Pods-DesignEx-DesignExUITests/Pods-DesignEx-DesignExUITests-frameworks-${CONFIGURATION}-input-files.xcfilelist",
			);
			name = "[CP] Embed Pods Frameworks";
			outputFileListPaths = (
				"${PODS_ROOT}/Target Support Files/Pods-DesignEx-DesignExUITests/Pods-DesignEx-DesignExUITests-frameworks-${CONFIGURATION}-output-files.xcfilelist",
			);
			runOnlyForDeploymentPostprocessing = 0;
			shellPath = /bin/sh;
			shellScript = "\"${PODS_ROOT}/Target Support Files/Pods-DesignEx-DesignExUITests/Pods-DesignEx-DesignExUITests-frameworks.sh\"\n";
			showEnvVarsInLog = 0;
		};
/* End PBXShellScriptBuildPhase section */

/* Begin PBXSourcesBuildPhase section */
		0177F02A254AF43C00764AFC /* Sources */ = {
			isa = PBXSourcesBuildPhase;
			buildActionMask = 2147483647;
			files = (
				0177F123254C572500764AFC /* ItermCollectionViewCell.swift in Sources */,
				01F017B3254F1B3B00567E67 /* UIAlertController + extension.swift in Sources */,
				0177F0B6254B1B7400764AFC /* WKWebViewMenuExViewController.swift in Sources */,
				0177F131254C5E8C00764AFC /* UILable + extension.swift in Sources */,
				01F0179E254F106C00567E67 /* WKWebviewMainDatasource.swift in Sources */,
				0177F162254F035A00764AFC /* UIImageView + extension.swift in Sources */,
				0177F12C254C574C00764AFC /* UICollectionviewCell + extension.swift in Sources */,
				01F01798254F0F7500567E67 /* WKWebviewMainUIViewController.swift in Sources */,
				01C721AA2566B7E300548E13 /* WKWebSessionViewController.swift in Sources */,
				966785DE254C153200E158AD /* UItableViewCell + extension.swift in Sources */,
				0177F032254AF43C00764AFC /* AppDelegate.swift in Sources */,
				0177F086254AFD3700764AFC /* HiddenStatusBarViewController.swift in Sources */,
				01C721B32566B96700548E13 /* WKWebSessionDetailViewController.swift in Sources */,
				0177F114254C537D00764AFC /* HomeViewController.swift in Sources */,
				0177F080254AFBD900764AFC /* ViewController + extension.swift in Sources */,
				0177F136254C5F3200764AFC /* String + extension.swift in Sources */,
				0177F13B254C5FB900764AFC /* URL + extension.swift in Sources */,
				0177F141254C62E300764AFC /* HomeDateSource.swift in Sources */,
				01C721B92566D00100548E13 /* WKWebviewShareCookieViewController.swift in Sources */,
				0177F034254AF43C00764AFC /* SceneDelegate.swift in Sources */,
				0177F0B0254B1AC100764AFC /* BaseViewController.swift in Sources */,
				0177F11B254C556A00764AFC /* NewFeedViewController.swift in Sources */,
				0177F06E254AFA2200764AFC /* FunctionTableViewCell.swift in Sources */,
				0177F157254C68B900764AFC /* HomeViewController + extension.swift in Sources */,
				0177F078254AFA7A00764AFC /* UIViewController + extension.swift in Sources */,
				0177F10B254C531E00764AFC /* HomeTabBarViewController.swift in Sources */,
				0177F0A3254B149000764AFC /* HeaderView.swift in Sources */,
				966785E4254C1A9100E158AD /* WKWebviewDetailViewController.swift in Sources */,
			);
			runOnlyForDeploymentPostprocessing = 0;
		};
		0177F040254AF43D00764AFC /* Sources */ = {
			isa = PBXSourcesBuildPhase;
			buildActionMask = 2147483647;
			files = (
			);
			runOnlyForDeploymentPostprocessing = 0;
		};
		0177F04B254AF43D00764AFC /* Sources */ = {
			isa = PBXSourcesBuildPhase;
			buildActionMask = 2147483647;
			files = (
			);
			runOnlyForDeploymentPostprocessing = 0;
		};
/* End PBXSourcesBuildPhase section */

/* Begin PBXTargetDependency section */
		0177F046254AF43D00764AFC /* PBXTargetDependency */ = {
			isa = PBXTargetDependency;
			target = 0177F02D254AF43C00764AFC /* DesignEx */;
			targetProxy = 0177F045254AF43D00764AFC /* PBXContainerItemProxy */;
		};
		0177F051254AF43D00764AFC /* PBXTargetDependency */ = {
			isa = PBXTargetDependency;
			target = 0177F02D254AF43C00764AFC /* DesignEx */;
			targetProxy = 0177F050254AF43D00764AFC /* PBXContainerItemProxy */;
		};
/* End PBXTargetDependency section */

/* Begin PBXVariantGroup section */
		0177F03C254AF43D00764AFC /* LaunchScreen.storyboard */ = {
			isa = PBXVariantGroup;
			children = (
				0177F03D254AF43D00764AFC /* Base */,
			);
			name = LaunchScreen.storyboard;
			sourceTree = "<group>";
		};
/* End PBXVariantGroup section */

/* Begin XCBuildConfiguration section */
		0177F056254AF43D00764AFC /* Debug */ = {
			isa = XCBuildConfiguration;
			buildSettings = {
				ALWAYS_SEARCH_USER_PATHS = NO;
				CLANG_ANALYZER_NONNULL = YES;
				CLANG_ANALYZER_NUMBER_OBJECT_CONVERSION = YES_AGGRESSIVE;
				CLANG_CXX_LANGUAGE_STANDARD = "gnu++14";
				CLANG_CXX_LIBRARY = "libc++";
				CLANG_ENABLE_MODULES = YES;
				CLANG_ENABLE_OBJC_ARC = YES;
				CLANG_ENABLE_OBJC_WEAK = YES;
				CLANG_WARN_BLOCK_CAPTURE_AUTORELEASING = YES;
				CLANG_WARN_BOOL_CONVERSION = YES;
				CLANG_WARN_COMMA = YES;
				CLANG_WARN_CONSTANT_CONVERSION = YES;
				CLANG_WARN_DEPRECATED_OBJC_IMPLEMENTATIONS = YES;
				CLANG_WARN_DIRECT_OBJC_ISA_USAGE = YES_ERROR;
				CLANG_WARN_DOCUMENTATION_COMMENTS = YES;
				CLANG_WARN_EMPTY_BODY = YES;
				CLANG_WARN_ENUM_CONVERSION = YES;
				CLANG_WARN_INFINITE_RECURSION = YES;
				CLANG_WARN_INT_CONVERSION = YES;
				CLANG_WARN_NON_LITERAL_NULL_CONVERSION = YES;
				CLANG_WARN_OBJC_IMPLICIT_RETAIN_SELF = YES;
				CLANG_WARN_OBJC_LITERAL_CONVERSION = YES;
				CLANG_WARN_OBJC_ROOT_CLASS = YES_ERROR;
				CLANG_WARN_QUOTED_INCLUDE_IN_FRAMEWORK_HEADER = YES;
				CLANG_WARN_RANGE_LOOP_ANALYSIS = YES;
				CLANG_WARN_STRICT_PROTOTYPES = YES;
				CLANG_WARN_SUSPICIOUS_MOVE = YES;
				CLANG_WARN_UNGUARDED_AVAILABILITY = YES_AGGRESSIVE;
				CLANG_WARN_UNREACHABLE_CODE = YES;
				CLANG_WARN__DUPLICATE_METHOD_MATCH = YES;
				COPY_PHASE_STRIP = NO;
				DEBUG_INFORMATION_FORMAT = dwarf;
				ENABLE_STRICT_OBJC_MSGSEND = YES;
				ENABLE_TESTABILITY = YES;
				GCC_C_LANGUAGE_STANDARD = gnu11;
				GCC_DYNAMIC_NO_PIC = NO;
				GCC_NO_COMMON_BLOCKS = YES;
				GCC_OPTIMIZATION_LEVEL = 0;
				GCC_PREPROCESSOR_DEFINITIONS = (
					"DEBUG=1",
					"$(inherited)",
				);
				GCC_WARN_64_TO_32_BIT_CONVERSION = YES;
				GCC_WARN_ABOUT_RETURN_TYPE = YES_ERROR;
				GCC_WARN_UNDECLARED_SELECTOR = YES;
				GCC_WARN_UNINITIALIZED_AUTOS = YES_AGGRESSIVE;
				GCC_WARN_UNUSED_FUNCTION = YES;
				GCC_WARN_UNUSED_VARIABLE = YES;
				IPHONEOS_DEPLOYMENT_TARGET = 14.1;
				MTL_ENABLE_DEBUG_INFO = INCLUDE_SOURCE;
				MTL_FAST_MATH = YES;
				ONLY_ACTIVE_ARCH = YES;
				SDKROOT = iphoneos;
				SWIFT_ACTIVE_COMPILATION_CONDITIONS = DEBUG;
				SWIFT_OPTIMIZATION_LEVEL = "-Onone";
			};
			name = Debug;
		};
		0177F057254AF43D00764AFC /* Release */ = {
			isa = XCBuildConfiguration;
			buildSettings = {
				ALWAYS_SEARCH_USER_PATHS = NO;
				CLANG_ANALYZER_NONNULL = YES;
				CLANG_ANALYZER_NUMBER_OBJECT_CONVERSION = YES_AGGRESSIVE;
				CLANG_CXX_LANGUAGE_STANDARD = "gnu++14";
				CLANG_CXX_LIBRARY = "libc++";
				CLANG_ENABLE_MODULES = YES;
				CLANG_ENABLE_OBJC_ARC = YES;
				CLANG_ENABLE_OBJC_WEAK = YES;
				CLANG_WARN_BLOCK_CAPTURE_AUTORELEASING = YES;
				CLANG_WARN_BOOL_CONVERSION = YES;
				CLANG_WARN_COMMA = YES;
				CLANG_WARN_CONSTANT_CONVERSION = YES;
				CLANG_WARN_DEPRECATED_OBJC_IMPLEMENTATIONS = YES;
				CLANG_WARN_DIRECT_OBJC_ISA_USAGE = YES_ERROR;
				CLANG_WARN_DOCUMENTATION_COMMENTS = YES;
				CLANG_WARN_EMPTY_BODY = YES;
				CLANG_WARN_ENUM_CONVERSION = YES;
				CLANG_WARN_INFINITE_RECURSION = YES;
				CLANG_WARN_INT_CONVERSION = YES;
				CLANG_WARN_NON_LITERAL_NULL_CONVERSION = YES;
				CLANG_WARN_OBJC_IMPLICIT_RETAIN_SELF = YES;
				CLANG_WARN_OBJC_LITERAL_CONVERSION = YES;
				CLANG_WARN_OBJC_ROOT_CLASS = YES_ERROR;
				CLANG_WARN_QUOTED_INCLUDE_IN_FRAMEWORK_HEADER = YES;
				CLANG_WARN_RANGE_LOOP_ANALYSIS = YES;
				CLANG_WARN_STRICT_PROTOTYPES = YES;
				CLANG_WARN_SUSPICIOUS_MOVE = YES;
				CLANG_WARN_UNGUARDED_AVAILABILITY = YES_AGGRESSIVE;
				CLANG_WARN_UNREACHABLE_CODE = YES;
				CLANG_WARN__DUPLICATE_METHOD_MATCH = YES;
				COPY_PHASE_STRIP = NO;
				DEBUG_INFORMATION_FORMAT = "dwarf-with-dsym";
				ENABLE_NS_ASSERTIONS = NO;
				ENABLE_STRICT_OBJC_MSGSEND = YES;
				GCC_C_LANGUAGE_STANDARD = gnu11;
				GCC_NO_COMMON_BLOCKS = YES;
				GCC_WARN_64_TO_32_BIT_CONVERSION = YES;
				GCC_WARN_ABOUT_RETURN_TYPE = YES_ERROR;
				GCC_WARN_UNDECLARED_SELECTOR = YES;
				GCC_WARN_UNINITIALIZED_AUTOS = YES_AGGRESSIVE;
				GCC_WARN_UNUSED_FUNCTION = YES;
				GCC_WARN_UNUSED_VARIABLE = YES;
				IPHONEOS_DEPLOYMENT_TARGET = 14.1;
				MTL_ENABLE_DEBUG_INFO = NO;
				MTL_FAST_MATH = YES;
				SDKROOT = iphoneos;
				SWIFT_COMPILATION_MODE = wholemodule;
				SWIFT_OPTIMIZATION_LEVEL = "-O";
				VALIDATE_PRODUCT = YES;
			};
			name = Release;
		};
		0177F059254AF43D00764AFC /* Debug */ = {
			isa = XCBuildConfiguration;
			baseConfigurationReference = EC701E64F8E1BBCF8DE821A7 /* Pods-DesignEx.debug.xcconfig */;
			buildSettings = {
				ASSETCATALOG_COMPILER_APPICON_NAME = AppIcon;
				ASSETCATALOG_COMPILER_GLOBAL_ACCENT_COLOR_NAME = AccentColor;
				CODE_SIGN_STYLE = Automatic;
				DEVELOPMENT_TEAM = 87KHR3A6W9;
				INFOPLIST_FILE = DesignEx/System/Info.plist;
				IPHONEOS_DEPLOYMENT_TARGET = 12.0;
				LD_RUNPATH_SEARCH_PATHS = (
					"$(inherited)",
					"@executable_path/Frameworks",
				);
				PRODUCT_BUNDLE_IDENTIFIER = congpham.DesignEx;
				PRODUCT_NAME = "$(TARGET_NAME)";
				SWIFT_VERSION = 5.0;
				TARGETED_DEVICE_FAMILY = "1,2";
			};
			name = Debug;
		};
		0177F05A254AF43D00764AFC /* Release */ = {
			isa = XCBuildConfiguration;
			baseConfigurationReference = ACDFDBFC42BDB8BEFE60B4C0 /* Pods-DesignEx.release.xcconfig */;
			buildSettings = {
				ASSETCATALOG_COMPILER_APPICON_NAME = AppIcon;
				ASSETCATALOG_COMPILER_GLOBAL_ACCENT_COLOR_NAME = AccentColor;
				CODE_SIGN_STYLE = Automatic;
				DEVELOPMENT_TEAM = 87KHR3A6W9;
				INFOPLIST_FILE = DesignEx/System/Info.plist;
				IPHONEOS_DEPLOYMENT_TARGET = 12.0;
				LD_RUNPATH_SEARCH_PATHS = (
					"$(inherited)",
					"@executable_path/Frameworks",
				);
				PRODUCT_BUNDLE_IDENTIFIER = congpham.DesignEx;
				PRODUCT_NAME = "$(TARGET_NAME)";
				SWIFT_VERSION = 5.0;
				TARGETED_DEVICE_FAMILY = "1,2";
			};
			name = Release;
		};
		0177F05C254AF43D00764AFC /* Debug */ = {
			isa = XCBuildConfiguration;
			baseConfigurationReference = CE6909037D5C68EC3F8A1A97 /* Pods-DesignExTests.debug.xcconfig */;
			buildSettings = {
				ALWAYS_EMBED_SWIFT_STANDARD_LIBRARIES = YES;
				BUNDLE_LOADER = "$(TEST_HOST)";
				CODE_SIGN_STYLE = Automatic;
				DEVELOPMENT_TEAM = 974Z4KFYL4;
				INFOPLIST_FILE = DesignExTests/Info.plist;
				IPHONEOS_DEPLOYMENT_TARGET = 14.1;
				LD_RUNPATH_SEARCH_PATHS = (
					"$(inherited)",
					"@executable_path/Frameworks",
					"@loader_path/Frameworks",
				);
				PRODUCT_BUNDLE_IDENTIFIER = congpham.DesignExTests;
				PRODUCT_NAME = "$(TARGET_NAME)";
				SWIFT_VERSION = 5.0;
				TARGETED_DEVICE_FAMILY = "1,2";
				TEST_HOST = "$(BUILT_PRODUCTS_DIR)/DesignEx.app/DesignEx";
			};
			name = Debug;
		};
		0177F05D254AF43D00764AFC /* Release */ = {
			isa = XCBuildConfiguration;
			baseConfigurationReference = BAAA884C4EF3A11F1D98238C /* Pods-DesignExTests.release.xcconfig */;
			buildSettings = {
				ALWAYS_EMBED_SWIFT_STANDARD_LIBRARIES = YES;
				BUNDLE_LOADER = "$(TEST_HOST)";
				CODE_SIGN_STYLE = Automatic;
				DEVELOPMENT_TEAM = 974Z4KFYL4;
				INFOPLIST_FILE = DesignExTests/Info.plist;
				IPHONEOS_DEPLOYMENT_TARGET = 14.1;
				LD_RUNPATH_SEARCH_PATHS = (
					"$(inherited)",
					"@executable_path/Frameworks",
					"@loader_path/Frameworks",
				);
				PRODUCT_BUNDLE_IDENTIFIER = congpham.DesignExTests;
				PRODUCT_NAME = "$(TARGET_NAME)";
				SWIFT_VERSION = 5.0;
				TARGETED_DEVICE_FAMILY = "1,2";
				TEST_HOST = "$(BUILT_PRODUCTS_DIR)/DesignEx.app/DesignEx";
			};
			name = Release;
		};
		0177F05F254AF43D00764AFC /* Debug */ = {
			isa = XCBuildConfiguration;
			baseConfigurationReference = D3180EB31AF821FA7448B6C1 /* Pods-DesignEx-DesignExUITests.debug.xcconfig */;
			buildSettings = {
				ALWAYS_EMBED_SWIFT_STANDARD_LIBRARIES = YES;
				CODE_SIGN_STYLE = Automatic;
				DEVELOPMENT_TEAM = 974Z4KFYL4;
				INFOPLIST_FILE = DesignExUITests/Info.plist;
				LD_RUNPATH_SEARCH_PATHS = (
					"$(inherited)",
					"@executable_path/Frameworks",
					"@loader_path/Frameworks",
				);
				PRODUCT_BUNDLE_IDENTIFIER = congpham.DesignExUITests;
				PRODUCT_NAME = "$(TARGET_NAME)";
				SWIFT_VERSION = 5.0;
				TARGETED_DEVICE_FAMILY = "1,2";
				TEST_TARGET_NAME = DesignEx;
			};
			name = Debug;
		};
		0177F060254AF43D00764AFC /* Release */ = {
			isa = XCBuildConfiguration;
			baseConfigurationReference = 1A38DECA6811CEDF2843FE35 /* Pods-DesignEx-DesignExUITests.release.xcconfig */;
			buildSettings = {
				ALWAYS_EMBED_SWIFT_STANDARD_LIBRARIES = YES;
				CODE_SIGN_STYLE = Automatic;
				DEVELOPMENT_TEAM = 974Z4KFYL4;
				INFOPLIST_FILE = DesignExUITests/Info.plist;
				LD_RUNPATH_SEARCH_PATHS = (
					"$(inherited)",
					"@executable_path/Frameworks",
					"@loader_path/Frameworks",
				);
				PRODUCT_BUNDLE_IDENTIFIER = congpham.DesignExUITests;
				PRODUCT_NAME = "$(TARGET_NAME)";
				SWIFT_VERSION = 5.0;
				TARGETED_DEVICE_FAMILY = "1,2";
				TEST_TARGET_NAME = DesignEx;
			};
			name = Release;
		};
/* End XCBuildConfiguration section */

/* Begin XCConfigurationList section */
		0177F029254AF43C00764AFC /* Build configuration list for PBXProject "DesignEx" */ = {
			isa = XCConfigurationList;
			buildConfigurations = (
				0177F056254AF43D00764AFC /* Debug */,
				0177F057254AF43D00764AFC /* Release */,
			);
			defaultConfigurationIsVisible = 0;
			defaultConfigurationName = Release;
		};
		0177F058254AF43D00764AFC /* Build configuration list for PBXNativeTarget "DesignEx" */ = {
			isa = XCConfigurationList;
			buildConfigurations = (
				0177F059254AF43D00764AFC /* Debug */,
				0177F05A254AF43D00764AFC /* Release */,
			);
			defaultConfigurationIsVisible = 0;
			defaultConfigurationName = Release;
		};
		0177F05B254AF43D00764AFC /* Build configuration list for PBXNativeTarget "DesignExTests" */ = {
			isa = XCConfigurationList;
			buildConfigurations = (
				0177F05C254AF43D00764AFC /* Debug */,
				0177F05D254AF43D00764AFC /* Release */,
			);
			defaultConfigurationIsVisible = 0;
			defaultConfigurationName = Release;
		};
		0177F05E254AF43D00764AFC /* Build configuration list for PBXNativeTarget "DesignExUITests" */ = {
			isa = XCConfigurationList;
			buildConfigurations = (
				0177F05F254AF43D00764AFC /* Debug */,
				0177F060254AF43D00764AFC /* Release */,
			);
			defaultConfigurationIsVisible = 0;
			defaultConfigurationName = Release;
		};
/* End XCConfigurationList section */
	};
	rootObject = 0177F026254AF43C00764AFC /* Project object */;
}
